{
  "name": "tip-0174-generator",
  "lockfileVersion": 3,
  "requires": true,
  "packages": {
    "": {
      "name": "tip-0174-generator",
      "dependencies": {
        "tapyrusjs-lib": "file:../../../tapyrusjs-lib"
      },
      "devDependencies": {
        "@types/node": "^24.0.0",
        "typescript": "^5.5.0"
      }
    },
    "../../../tapyrusjs-lib": {
      "version": "0.7.3",
      "license": "MIT",
      "dependencies": {
        "bech32": "^1.1.4",
        "bip174": "^2.1.0",
        "bip32": "^5.0.0",
        "bip66": "^1.1.0",
        "bs58check": "^2.0.0",
        "canonicalize": "^2.1.0",
        "create-hash": "^1.1.0",
        "create-hmac": "^1.1.3",
        "merkle-lib": "^2.0.10",
        "pushdata-bitcoin": "^1.0.1",
        "randombytes": "^2.0.1",
        "tapyrus-ops": "^0.1.0",
        "tiny-secp256k1": "^2.2.4",
        "typeforce": "^1.11.3",
        "varuint-bitcoin": "^1.1.2",
        "wif": "^2.0.1"
      },
      "devDependencies": {
        "@types/bs58": "^4.0.1",
        "@types/mocha": "^5.2.7",
        "@types/node": "^18.0.0",
        "@types/proxyquire": "^1.3.28",
        "bip39": "^3.1.0",
        "bip65": "^1.0.1",
        "bip68": "^1.0.3",
        "bn.js": "^4.12.0",
        "bs58": "^4.0.0",
        "dhttp": "^3.0.0",
        "hoodwink": "^2.0.0",
        "minimaldata": "^1.0.2",
        "mocha": "^10.0.0",
        "nyc": "^15.1.0",
        "prettier": "1.16.4",
        "proxyquire": "^2.1.3",
        "rimraf": "^2.7.1",
        "tapyrusjs-client": "git+https://github.com/chaintope/tapyrusjs-client.git",
        "ts-node": "^10.9.2",
        "tslint": "^5.20.1",
        "typescript": "^5.9.3"
      },
      "engines": {
        "node": ">=18.0.0"
      }
    },
    "node_modules/@types/node": {
      "version": "24.13.3",
      "resolved": "https://registry.npmjs.org/@types/node/-/node-24.13.3.tgz",
      "integrity": "sha512-Dh8vAsV36ig5wa9OX4pXvMc9D3Veibfw2wix0CUwYODLD8nkj9UsLjASr49nPg+2eKzxhBV+v7L8pXvT4e639Q==",
      "dev": true,
      "license": "MIT",
      "dependencies": {
        "undici-types": "~7.18.0"
      }
    },
    "node_modules/tapyrusjs-lib": {
      "resolved": "../../../tapyrusjs-lib",
      "link": true
    },
    "node_modules/typescript": {
      "version": "5.9.3",
      "resolved": "https://registry.npmjs.org/typescript/-/typescript-5.9.3.tgz",
      "integrity": "sha512-jl1vZzPDinLr9eUt3J/t7V6FgNEw9QjvBPdysz9KfQDD41fQrC2Y4vKQdiaUpFT4bXlb1RHhLpp8wtm6M5TgSw==",
      "dev": true,
      "license": "Apache-2.0",
      "bin": {
        "tsc": "bin/tsc",
        "tsserver": "bin/tsserver"
      },
      "engines": {
        "node": ">=14.17"
      }
    },
    "node_modules/undici-types": {
      "version": "7.18.2",
      "resolved": "https://registry.npmjs.org/undici-types/-/undici-types-7.18.2.tgz",
      "integrity": "sha512-AsuCzffGHJybSaRrmr5eHr81mwJU3kjw6M+uprWvCXiNeN9SOGwQ3Jn8jb8m3Z6izVgknn1R0FTCEAP2QrLY/w==",
      "dev": true,
      "license": "MIT"
    }
  }
}
